<?xml version="1.0" encoding="utf-8"?>
<Project ToolsVersion="4.0" xmlns="http://schemas.microsoft.com/developer/msbuild/2003">
  <ItemGroup>
    <ClCompile Include="Balle.cpp" />
    <ClCompile Include="Goal.cpp" />
    <ClCompile Include="Joueur.cpp" />
    <ClCompile Include="ObjetDeplacable.cpp" />
    <ClCompile Include="Source.cpp" />
  </ItemGroup>
  <ItemGroup>
    <ClInclude Include="Balle.h" />
    <ClInclude Include="Goal.h" />
    <ClInclude Include="Header.h" />
    <ClInclude Include="Joueur.h" />
    <ClInclude Include="ObjetDeplacable.h" />
  </ItemGroup>
</Project>